
Microsoft Visual Studio Solution File, Format Version 12.00
# Visual Studio Version 17
VisualStudioVersion = 17.7.34024.191
MinimumVisualStudioVersion = 10.0.40219.1
Project("{FAE04EC0-301F-11D3-BF4B-00C04F79EFBC}") = "AMST4.Store.Shoes", "AMST4.Store.Shoes.csproj", "{DDD38A87-3858-4179-A1CB-9C0CFEF7F6CB}"
EndProject
Global
	GlobalSection(SolutionConfigurationPlatforms) = preSolution
		Debug|Any CPU = Debug|Any CPU
		Release|Any CPU = Release|Any CPU
	EndGlobalSection
	GlobalSection(ProjectConfigurationPlatforms) = postSolution
		{DDD38A87-3858-4179-A1CB-9C0CFEF7F6CB}.Debug|Any CPU.ActiveCfg = Debug|Any CPU
		{DDD38A87-3858-4179-A1CB-9C0CFEF7F6CB}.Debug|Any CPU.Build.0 = Debug|Any CPU
		{DDD38A87-3858-4179-A1CB-9C0CFEF7F6CB}.Release|Any CPU.ActiveCfg = Release|Any CPU
		{DDD38A87-3858-4179-A1CB-9C0CFEF7F6CB}.Release|Any CPU.Build.0 = Release|Any CPU
	EndGlobalSection
	GlobalSection(SolutionProperties) = preSolution
		HideSolutionNode = FALSE
	EndGlobalSection
	GlobalSection(ExtensibilityGlobals) = postSolution
		SolutionGuid = {C5C19721-F8AC-42CA-92E4-742FED3C3162}
	EndGlobalSection
EndGlobal
